// !$*UTF8*$!
{
	archiveVersion = 1;
	classes = {
	};
	objectVersion = 46;
	objects = {

/* Begin PBXBuildFile section */
		1D60589B0D05DD56006BFB54 /* main.m in Sources */ = {isa = PBXBuildFile; fileRef = 29B97316FDCFA39411CA2CEA /* main.m */; };
		1D60589F0D05DD5A006BFB54 /* Foundation.framework in Frameworks */ = {isa = PBXBuildFile; fileRef = 1D30AB110D05D00D00671497 /* Foundation.framework */; };
		1DF5F4E00D08C38300B7A737 /* UIKit.framework in Frameworks */ = {isa = PBXBuildFile; fileRef = 1DF5F4DF0D08C38300B7A737 /* UIKit.framework */; };
		288765A50DF7441C002DB57D /* CoreGraphics.framework in Frameworks */ = {isa = PBXBuildFile; fileRef = 288765A40DF7441C002DB57D /* CoreGraphics.framework */; };
		5A3F8253145E3749004EAF87 /* AppDelegate.m in Sources */ = {isa = PBXBuildFile; fileRef = 5A3F8252145E3749004EAF87 /* AppDelegate.m */; };
		5A3F838C145E3B15004EAF87 /* CFNetwork.framework in Frameworks */ = {isa = PBXBuildFile; fileRef = 5A3F838B145E3B15004EAF87 /* CFNetwork.framework */; };
		5A3F838E145E3B15004EAF87 /* libz.dylib in Frameworks */ = {isa = PBXBuildFile; fileRef = 5A3F838D145E3B15004EAF87 /* libz.dylib */; };
		5A3F8390145E3B30004EAF87 /* MobileCoreServices.framework in Frameworks */ = {isa = PBXBuildFile; fileRef = 5A3F838F145E3B30004EAF87 /* MobileCoreServices.framework */; };
		5A3F8392145E3B30004EAF87 /* QuartzCore.framework in Frameworks */ = {isa = PBXBuildFile; fileRef = 5A3F8391145E3B30004EAF87 /* QuartzCore.framework */; };
		5A3F8394145E3B30004EAF87 /* SystemConfiguration.framework in Frameworks */ = {isa = PBXBuildFile; fileRef = 5A3F8393145E3B30004EAF87 /* SystemConfiguration.framework */; };
		5A3FC91E14AAFD5300DD3BE2 /* CacheHelper.m in Sources */ = {isa = PBXBuildFile; fileRef = 5A3FC8BD14AAFD5300DD3BE2 /* CacheHelper.m */; };
		5A3FC91F14AAFD5300DD3BE2 /* EncryptHelper.m in Sources */ = {isa = PBXBuildFile; fileRef = 5A3FC8BF14AAFD5300DD3BE2 /* EncryptHelper.m */; };
		5A3FC92014AAFD5300DD3BE2 /* ResourceHelper.m in Sources */ = {isa = PBXBuildFile; fileRef = 5A3FC8C114AAFD5300DD3BE2 /* ResourceHelper.m */; };
		5A8FA0A614AC7113000A1BBA /* indicators.json in Resources */ = {isa = PBXBuildFile; fileRef = 5A8FA0A414AC7113000A1BBA /* indicators.json */; };
		5A8FA0A714AC7113000A1BBA /* securities.json in Resources */ = {isa = PBXBuildFile; fileRef = 5A8FA0A514AC7113000A1BBA /* securities.json */; };
		B047A1281BCFBB9900054A7E /* libPods.a in Frameworks */ = {isa = PBXBuildFile; fileRef = B047A1271BCFBB9900054A7E /* libPods.a */; };
		B06C413D1B66214C003C62BC /* CandleViewController.m in Sources */ = {isa = PBXBuildFile; fileRef = B06C413A1B66214C003C62BC /* CandleViewController.m */; };
		B06C413E1B66214C003C62BC /* ChartView.m in Sources */ = {isa = PBXBuildFile; fileRef = B06C413C1B66214C003C62BC /* ChartView.m */; };
		B08850E31B85CB6500CEC8A5 /* Date+Helpers.m in Sources */ = {isa = PBXBuildFile; fileRef = B08850E01B85CB6500CEC8A5 /* Date+Helpers.m */; };
		B08850E41B85CB6500CEC8A5 /* NSString+Helpers.m in Sources */ = {isa = PBXBuildFile; fileRef = B08850E21B85CB6500CEC8A5 /* NSString+Helpers.m */; };
		B08850E81B871D6D00CEC8A5 /* data.txt in Resources */ = {isa = PBXBuildFile; fileRef = B08850E71B871D6D00CEC8A5 /* data.txt */; };
		B08850EA1B8830CB00CEC8A5 /* serie init in Resources */ = {isa = PBXBuildFile; fileRef = B08850E91B8830CB00CEC8A5 /* serie init */; };
		B08850ED1B883B7100CEC8A5 /* CandleViewController+Data.m in Sources */ = {isa = PBXBuildFile; fileRef = B08850EC1B883B7100CEC8A5 /* CandleViewController+Data.m */; };
		B08851031B8863A600CEC8A5 /* pad_candle_chart.png in Resources */ = {isa = PBXBuildFile; fileRef = B08850EF1B8863A600CEC8A5 /* pad_candle_chart.png */; };
		B08851041B8863A600CEC8A5 /* pad_candle_chart_selected.png in Resources */ = {isa = PBXBuildFile; fileRef = B08850F01B8863A600CEC8A5 /* pad_candle_chart_selected.png */; };
		B08851051B8863A600CEC8A5 /* pad_gray_bar.png in Resources */ = {isa = PBXBuildFile; fileRef = B08850F11B8863A600CEC8A5 /* pad_gray_bar.png */; };
		B08851061B8863A600CEC8A5 /* pad_k1d.png in Resources */ = {isa = PBXBuildFile; fileRef = B08850F21B8863A600CEC8A5 /* pad_k1d.png */; };
		B08851071B8863A600CEC8A5 /* pad_k1d_selected.png in Resources */ = {isa = PBXBuildFile; fileRef = B08850F31B8863A600CEC8A5 /* pad_k1d_selected.png */; };
		B08851081B8863A600CEC8A5 /* pad_k1m.png in Resources */ = {isa = PBXBuildFile; fileRef = B08850F41B8863A600CEC8A5 /* pad_k1m.png */; };
		B08851091B8863A600CEC8A5 /* pad_k1m_selected.png in Resources */ = {isa = PBXBuildFile; fileRef = B08850F51B8863A600CEC8A5 /* pad_k1m_selected.png */; };
		B088510A1B8863A600CEC8A5 /* pad_k1w.png in Resources */ = {isa = PBXBuildFile; fileRef = B08850F61B8863A600CEC8A5 /* pad_k1w.png */; };
		B088510B1B8863A600CEC8A5 /* pad_k1w_selected.png in Resources */ = {isa = PBXBuildFile; fileRef = B08850F71B8863A600CEC8A5 /* pad_k1w_selected.png */; };
		B088510C1B8863A600CEC8A5 /* phone_candle_chart.png in Resources */ = {isa = PBXBuildFile; fileRef = B08850F81B8863A600CEC8A5 /* phone_candle_chart.png */; };
		B088510D1B8863A600CEC8A5 /* phone_candle_chart_selected.png in Resources */ = {isa = PBXBuildFile; fileRef = B08850F91B8863A600CEC8A5 /* phone_candle_chart_selected.png */; };
		B088510E1B8863A600CEC8A5 /* phone_gray_bar.png in Resources */ = {isa = PBXBuildFile; fileRef = B08850FA1B8863A600CEC8A5 /* phone_gray_bar.png */; };
		B088510F1B8863A600CEC8A5 /* phone_k1d.png in Resources */ = {isa = PBXBuildFile; fileRef = B08850FB1B8863A600CEC8A5 /* phone_k1d.png */; };
		B08851101B8863A600CEC8A5 /* phone_k1d_selected.png in Resources */ = {isa = PBXBuildFile; fileRef = B08850FC1B8863A600CEC8A5 /* phone_k1d_selected.png */; };
		B08851111B8863A600CEC8A5 /* phone_k1m.png in Resources */ = {isa = PBXBuildFile; fileRef = B08850FD1B8863A600CEC8A5 /* phone_k1m.png */; };
		B08851121B8863A600CEC8A5 /* phone_k1m_selected.png in Resources */ = {isa = PBXBuildFile; fileRef = B08850FE1B8863A600CEC8A5 /* phone_k1m_selected.png */; };
		B08851131B8863A600CEC8A5 /* phone_k1w.png in Resources */ = {isa = PBXBuildFile; fileRef = B08850FF1B8863A600CEC8A5 /* phone_k1w.png */; };
		B08851141B8863A600CEC8A5 /* phone_k1w_selected.png in Resources */ = {isa = PBXBuildFile; fileRef = B08851001B8863A600CEC8A5 /* phone_k1w_selected.png */; };
		B08851151B8863A600CEC8A5 /* toolbarbg.png in Resources */ = {isa = PBXBuildFile; fileRef = B08851011B8863A600CEC8A5 /* toolbarbg.png */; };
		B08851161B8863A600CEC8A5 /* toolbarbg@2x.png in Resources */ = {isa = PBXBuildFile; fileRef = B08851021B8863A600CEC8A5 /* toolbarbg@2x.png */; };
		B08851181B8863DE00CEC8A5 /* chartData.txt in Resources */ = {isa = PBXBuildFile; fileRef = B08851171B8863DE00CEC8A5 /* chartData.txt */; };
		B08851201B88B2F900CEC8A5 /* Launch Screen.xib in Resources */ = {isa = PBXBuildFile; fileRef = B088511F1B88B2F900CEC8A5 /* Launch Screen.xib */; };
		B0B766381B88CE7100C41F9D /* AutoCompleteTableDelegate.m in Sources */ = {isa = PBXBuildFile; fileRef = B0B766371B88CE7100C41F9D /* AutoCompleteTableDelegate.m */; };
		B0E370AC1B47D4CF005F1C20 /* Section.m in Sources */ = {isa = PBXBuildFile; fileRef = B0E370A91B47D4CF005F1C20 /* Section.m */; };
		B0E370AD1B47D4CF005F1C20 /* Axis.m in Sources */ = {isa = PBXBuildFile; fileRef = B0E370AB1B47D4CF005F1C20 /* Axis.m */; };
		B0E370AF1B47D4F0005F1C20 /* Images.xcassets in Resources */ = {isa = PBXBuildFile; fileRef = B0E370AE1B47D4F0005F1C20 /* Images.xcassets */; };
		B0EEDF601B3FAAF3003D193F /* AreaChartModel.m in Sources */ = {isa = PBXBuildFile; fileRef = B0EEDF571B3FAAF3003D193F /* AreaChartModel.m */; };
		B0EEDF611B3FAAF3003D193F /* CandleChartModel.m in Sources */ = {isa = PBXBuildFile; fileRef = B0EEDF591B3FAAF3003D193F /* CandleChartModel.m */; };
		B0EEDF621B3FAAF3003D193F /* ChartModel.m in Sources */ = {isa = PBXBuildFile; fileRef = B0EEDF5B1B3FAAF3003D193F /* ChartModel.m */; };
		B0EEDF631B3FAAF3003D193F /* VolumeChartModel.m in Sources */ = {isa = PBXBuildFile; fileRef = B0EEDF5D1B3FAAF3003D193F /* VolumeChartModel.m */; };
		B0EEDF641B3FAAF3003D193F /* LineChartModel.m in Sources */ = {isa = PBXBuildFile; fileRef = B0EEDF5F1B3FAAF3003D193F /* LineChartModel.m */; };
/* End PBXBuildFile section */

/* Begin PBXFileReference section */
		1D30AB110D05D00D00671497 /* Foundation.framework */ = {isa = PBXFileReference; lastKnownFileType = wrapper.framework; name = Foundation.framework; path = System/Library/Frameworks/Foundation.framework; sourceTree = SDKROOT; };
		1D6058910D05DD3D006BFB54 /* chartee.app */ = {isa = PBXFileReference; explicitFileType = wrapper.application; includeInIndex = 0; path = chartee.app; sourceTree = BUILT_PRODUCTS_DIR; };
		1DF5F4DF0D08C38300B7A737 /* UIKit.framework */ = {isa = PBXFileReference; lastKnownFileType = wrapper.framework; name = UIKit.framework; path = System/Library/Frameworks/UIKit.framework; sourceTree = SDKROOT; };
		288765A40DF7441C002DB57D /* CoreGraphics.framework */ = {isa = PBXFileReference; lastKnownFileType = wrapper.framework; name = CoreGraphics.framework; path = System/Library/Frameworks/CoreGraphics.framework; sourceTree = SDKROOT; };
		29B97316FDCFA39411CA2CEA /* main.m */ = {isa = PBXFileReference; fileEncoding = 4; lastKnownFileType = sourcecode.c.objc; path = main.m; sourceTree = "<group>"; };
		32CA4F630368D1EE00C91783 /* chartee_Prefix.pch */ = {isa = PBXFileReference; fileEncoding = 4; lastKnownFileType = sourcecode.c.h; path = chartee_Prefix.pch; sourceTree = "<group>"; };
		48D4FCCB36D410350471054F /* libPods.a */ = {isa = PBXFileReference; explicitFileType = archive.ar; includeInIndex = 0; path = libPods.a; sourceTree = BUILT_PRODUCTS_DIR; };
		5A1D3B6C14AC52AA00E11C20 /* chartee-Info.plist */ = {isa = PBXFileReference; fileEncoding = 4; lastKnownFileType = text.plist.xml; path = "chartee-Info.plist"; sourceTree = "<group>"; };
		5A3F8251145E3749004EAF87 /* AppDelegate.h */ = {isa = PBXFileReference; fileEncoding = 4; lastKnownFileType = sourcecode.c.h; name = AppDelegate.h; path = Classes/AppDelegate.h; sourceTree = "<group>"; };
		5A3F8252145E3749004EAF87 /* AppDelegate.m */ = {isa = PBXFileReference; fileEncoding = 4; lastKnownFileType = sourcecode.c.objc; name = AppDelegate.m; path = Classes/AppDelegate.m; sourceTree = "<group>"; };
		5A3F838B145E3B15004EAF87 /* CFNetwork.framework */ = {isa = PBXFileReference; lastKnownFileType = wrapper.framework; name = CFNetwork.framework; path = System/Library/Frameworks/CFNetwork.framework; sourceTree = SDKROOT; };
		5A3F838D145E3B15004EAF87 /* libz.dylib */ = {isa = PBXFileReference; lastKnownFileType = "compiled.mach-o.dylib"; name = libz.dylib; path = usr/lib/libz.dylib; sourceTree = SDKROOT; };
		5A3F838F145E3B30004EAF87 /* MobileCoreServices.framework */ = {isa = PBXFileReference; lastKnownFileType = wrapper.framework; name = MobileCoreServices.framework; path = System/Library/Frameworks/MobileCoreServices.framework; sourceTree = SDKROOT; };
		5A3F8391145E3B30004EAF87 /* QuartzCore.framework */ = {isa = PBXFileReference; lastKnownFileType = wrapper.framework; name = QuartzCore.framework; path = System/Library/Frameworks/QuartzCore.framework; sourceTree = SDKROOT; };
		5A3F8393145E3B30004EAF87 /* SystemConfiguration.framework */ = {isa = PBXFileReference; lastKnownFileType = wrapper.framework; name = SystemConfiguration.framework; path = System/Library/Frameworks/SystemConfiguration.framework; sourceTree = SDKROOT; };
		5A3FC8BC14AAFD5300DD3BE2 /* CacheHelper.h */ = {isa = PBXFileReference; fileEncoding = 4; lastKnownFileType = sourcecode.c.h; path = CacheHelper.h; sourceTree = "<group>"; };
		5A3FC8BD14AAFD5300DD3BE2 /* CacheHelper.m */ = {isa = PBXFileReference; fileEncoding = 4; lastKnownFileType = sourcecode.c.objc; path = CacheHelper.m; sourceTree = "<group>"; };
		5A3FC8BE14AAFD5300DD3BE2 /* EncryptHelper.h */ = {isa = PBXFileReference; fileEncoding = 4; lastKnownFileType = sourcecode.c.h; path = EncryptHelper.h; sourceTree = "<group>"; };
		5A3FC8BF14AAFD5300DD3BE2 /* EncryptHelper.m */ = {isa = PBXFileReference; fileEncoding = 4; lastKnownFileType = sourcecode.c.objc; path = EncryptHelper.m; sourceTree = "<group>"; };
		5A3FC8C014AAFD5300DD3BE2 /* ResourceHelper.h */ = {isa = PBXFileReference; fileEncoding = 4; lastKnownFileType = sourcecode.c.h; path = ResourceHelper.h; sourceTree = "<group>"; };
		5A3FC8C114AAFD5300DD3BE2 /* ResourceHelper.m */ = {isa = PBXFileReference; fileEncoding = 4; lastKnownFileType = sourcecode.c.objc; path = ResourceHelper.m; sourceTree = "<group>"; };
		5A8FA0A414AC7113000A1BBA /* indicators.json */ = {isa = PBXFileReference; fileEncoding = 4; lastKnownFileType = text.json; name = indicators.json; path = resource/indicators.json; sourceTree = "<group>"; };
		5A8FA0A514AC7113000A1BBA /* securities.json */ = {isa = PBXFileReference; fileEncoding = 4; lastKnownFileType = text.json; name = securities.json; path = resource/securities.json; sourceTree = "<group>"; };
		70AB1FA29A9093AB7C98F923 /* Pods.debug.xcconfig */ = {isa = PBXFileReference; includeInIndex = 1; lastKnownFileType = text.xcconfig; name = Pods.debug.xcconfig; path = "Pods/Target Support Files/Pods/Pods.debug.xcconfig"; sourceTree = "<group>"; };
		74599F3D1E1C4CC3321FBB50 /* Pods.release.xcconfig */ = {isa = PBXFileReference; includeInIndex = 1; lastKnownFileType = text.xcconfig; name = Pods.release.xcconfig; path = "Pods/Target Support Files/Pods/Pods.release.xcconfig"; sourceTree = "<group>"; };
		B047A1271BCFBB9900054A7E /* libPods.a */ = {isa = PBXFileReference; lastKnownFileType = archive.ar; name = libPods.a; path = "Pods/../build/Debug-iphoneos/libPods.a"; sourceTree = "<group>"; };
		B047A1291BCFBBF100054A7E /* libASIHTTPRequest.a */ = {isa = PBXFileReference; lastKnownFileType = archive.ar; name = libASIHTTPRequest.a; path = "Pods/../build/Debug-iphoneos/libASIHTTPRequest.a"; sourceTree = "<group>"; };
		B047A12B1BCFBBF500054A7E /* libJSONKit.a */ = {isa = PBXFileReference; lastKnownFileType = archive.ar; name = libJSONKit.a; path = "Pods/../build/Debug-iphoneos/libJSONKit.a"; sourceTree = "<group>"; };
		B047A12D1BCFBBF800054A7E /* libReachability.a */ = {isa = PBXFileReference; lastKnownFileType = archive.ar; name = libReachability.a; path = "Pods/../build/Debug-iphoneos/libReachability.a"; sourceTree = "<group>"; };
		B06C41391B66214C003C62BC /* CandleViewController.h */ = {isa = PBXFileReference; fileEncoding = 4; lastKnownFileType = sourcecode.c.h; path = CandleViewController.h; sourceTree = "<group>"; };
		B06C413A1B66214C003C62BC /* CandleViewController.m */ = {isa = PBXFileReference; fileEncoding = 4; lastKnownFileType = sourcecode.c.objc; path = CandleViewController.m; sourceTree = "<group>"; };
		B06C413B1B66214C003C62BC /* ChartView.h */ = {isa = PBXFileReference; fileEncoding = 4; lastKnownFileType = sourcecode.c.h; path = ChartView.h; sourceTree = "<group>"; };
		B06C413C1B66214C003C62BC /* ChartView.m */ = {isa = PBXFileReference; fileEncoding = 4; lastKnownFileType = sourcecode.c.objc; path = ChartView.m; sourceTree = "<group>"; };
		B08850DF1B85CB6500CEC8A5 /* Date+Helpers.h */ = {isa = PBXFileReference; fileEncoding = 4; lastKnownFileType = sourcecode.c.h; path = "Date+Helpers.h"; sourceTree = "<group>"; };
		B08850E01B85CB6500CEC8A5 /* Date+Helpers.m */ = {isa = PBXFileReference; fileEncoding = 4; lastKnownFileType = sourcecode.c.objc; path = "Date+Helpers.m"; sourceTree = "<group>"; };
		B08850E11B85CB6500CEC8A5 /* NSString+Helpers.h */ = {isa = PBXFileReference; fileEncoding = 4; lastKnownFileType = sourcecode.c.h; path = "NSString+Helpers.h"; sourceTree = "<group>"; };
		B08850E21B85CB6500CEC8A5 /* NSString+Helpers.m */ = {isa = PBXFileReference; fileEncoding = 4; lastKnownFileType = sourcecode.c.objc; path = "NSString+Helpers.m"; sourceTree = "<group>"; };
		B08850E71B871D6D00CEC8A5 /* data.txt */ = {isa = PBXFileReference; fileEncoding = 4; lastKnownFileType = text; name = data.txt; path = resource/data.txt; sourceTree = "<group>"; };
		B08850E91B8830CB00CEC8A5 /* serie init */ = {isa = PBXFileReference; fileEncoding = 4; lastKnownFileType = text; name = "serie init"; path = "resource/serie init"; sourceTree = SOURCE_ROOT; };
		B08850EB1B883B7100CEC8A5 /* CandleViewController+Data.h */ = {isa = PBXFileReference; fileEncoding = 4; lastKnownFileType = sourcecode.c.h; path = "CandleViewController+Data.h"; sourceTree = "<group>"; };
		B08850EC1B883B7100CEC8A5 /* CandleViewController+Data.m */ = {isa = PBXFileReference; fileEncoding = 4; lastKnownFileType = sourcecode.c.objc; path = "CandleViewController+Data.m"; sourceTree = "<group>"; };
		B08850EF1B8863A600CEC8A5 /* pad_candle_chart.png */ = {isa = PBXFileReference; lastKnownFileType = image.png; path = pad_candle_chart.png; sourceTree = "<group>"; };
		B08850F01B8863A600CEC8A5 /* pad_candle_chart_selected.png */ = {isa = PBXFileReference; lastKnownFileType = image.png; path = pad_candle_chart_selected.png; sourceTree = "<group>"; };
		B08850F11B8863A600CEC8A5 /* pad_gray_bar.png */ = {isa = PBXFileReference; lastKnownFileType = image.png; path = pad_gray_bar.png; sourceTree = "<group>"; };
		B08850F21B8863A600CEC8A5 /* pad_k1d.png */ = {isa = PBXFileReference; lastKnownFileType = image.png; path = pad_k1d.png; sourceTree = "<group>"; };
		B08850F31B8863A600CEC8A5 /* pad_k1d_selected.png */ = {isa = PBXFileReference; lastKnownFileType = image.png; path = pad_k1d_selected.png; sourceTree = "<group>"; };
		B08850F41B8863A600CEC8A5 /* pad_k1m.png */ = {isa = PBXFileReference; lastKnownFileType = image.png; path = pad_k1m.png; sourceTree = "<group>"; };
		B08850F51B8863A600CEC8A5 /* pad_k1m_selected.png */ = {isa = PBXFileReference; lastKnownFileType = image.png; path = pad_k1m_selected.png; sourceTree = "<group>"; };
		B08850F61B8863A600CEC8A5 /* pad_k1w.png */ = {isa = PBXFileReference; lastKnownFileType = image.png; path = pad_k1w.png; sourceTree = "<group>"; };
		B08850F71B8863A600CEC8A5 /* pad_k1w_selected.png */ = {isa = PBXFileReference; lastKnownFileType = image.png; path = pad_k1w_selected.png; sourceTree = "<group>"; };
		B08850F81B8863A600CEC8A5 /* phone_candle_chart.png */ = {isa = PBXFileReference; lastKnownFileType = image.png; path = phone_candle_chart.png; sourceTree = "<group>"; };
		B08850F91B8863A600CEC8A5 /* phone_candle_chart_selected.png */ = {isa = PBXFileReference; lastKnownFileType = image.png; path = phone_candle_chart_selected.png; sourceTree = "<group>"; };
		B08850FA1B8863A600CEC8A5 /* phone_gray_bar.png */ = {isa = PBXFileReference; lastKnownFileType = image.png; path = phone_gray_bar.png; sourceTree = "<group>"; };
		B08850FB1B8863A600CEC8A5 /* phone_k1d.png */ = {isa = PBXFileReference; lastKnownFileType = image.png; path = phone_k1d.png; sourceTree = "<group>"; };
		B08850FC1B8863A600CEC8A5 /* phone_k1d_selected.png */ = {isa = PBXFileReference; lastKnownFileType = image.png; path = phone_k1d_selected.png; sourceTree = "<group>"; };
		B08850FD1B8863A600CEC8A5 /* phone_k1m.png */ = {isa = PBXFileReference; lastKnownFileType = image.png; path = phone_k1m.png; sourceTree = "<group>"; };
		B08850FE1B8863A600CEC8A5 /* phone_k1m_selected.png */ = {isa = PBXFileReference; lastKnownFileType = image.png; path = phone_k1m_selected.png; sourceTree = "<group>"; };
		B08850FF1B8863A600CEC8A5 /* phone_k1w.png */ = {isa = PBXFileReference; lastKnownFileType = image.png; path = phone_k1w.png; sourceTree = "<group>"; };
		B08851001B8863A600CEC8A5 /* phone_k1w_selected.png */ = {isa = PBXFileReference; lastKnownFileType = image.png; path = phone_k1w_selected.png; sourceTree = "<group>"; };
		B08851011B8863A600CEC8A5 /* toolbarbg.png */ = {isa = PBXFileReference; lastKnownFileType = image.png; path = toolbarbg.png; sourceTree = "<group>"; };
		B08851021B8863A600CEC8A5 /* toolbarbg@2x.png */ = {isa = PBXFileReference; lastKnownFileType = image.png; path = "toolbarbg@2x.png"; sourceTree = "<group>"; };
		B08851171B8863DE00CEC8A5 /* chartData.txt */ = {isa = PBXFileReference; fileEncoding = 4; lastKnownFileType = text; name = chartData.txt; path = resource/chartData.txt; sourceTree = "<group>"; };
		B088511F1B88B2F900CEC8A5 /* Launch Screen.xib */ = {isa = PBXFileReference; fileEncoding = 4; lastKnownFileType = file.xib; name = "Launch Screen.xib"; path = "resource/Launch Screen.xib"; sourceTree = "<group>"; };
		B0B766361B88CE7100C41F9D /* AutoCompleteTableDelegate.h */ = {isa = PBXFileReference; fileEncoding = 4; lastKnownFileType = sourcecode.c.h; path = AutoCompleteTableDelegate.h; sourceTree = "<group>"; };
		B0B766371B88CE7100C41F9D /* AutoCompleteTableDelegate.m */ = {isa = PBXFileReference; fileEncoding = 4; lastKnownFileType = sourcecode.c.objc; path = AutoCompleteTableDelegate.m; sourceTree = "<group>"; };
		B0E370A81B47D4CF005F1C20 /* Section.h */ = {isa = PBXFileReference; fileEncoding = 4; lastKnownFileType = sourcecode.c.h; path = Section.h; sourceTree = "<group>"; };
		B0E370A91B47D4CF005F1C20 /* Section.m */ = {isa = PBXFileReference; fileEncoding = 4; lastKnownFileType = sourcecode.c.objc; path = Section.m; sourceTree = "<group>"; };
		B0E370AA1B47D4CF005F1C20 /* Axis.h */ = {isa = PBXFileReference; fileEncoding = 4; lastKnownFileType = sourcecode.c.h; path = Axis.h; sourceTree = "<group>"; };
		B0E370AB1B47D4CF005F1C20 /* Axis.m */ = {isa = PBXFileReference; fileEncoding = 4; lastKnownFileType = sourcecode.c.objc; path = Axis.m; sourceTree = "<group>"; };
		B0E370AE1B47D4F0005F1C20 /* Images.xcassets */ = {isa = PBXFileReference; lastKnownFileType = folder.assetcatalog; name = Images.xcassets; path = resource/Images.xcassets; sourceTree = "<group>"; };
		B0EEDF561B3FAAF3003D193F /* AreaChartModel.h */ = {isa = PBXFileReference; fileEncoding = 4; lastKnownFileType = sourcecode.c.h; path = AreaChartModel.h; sourceTree = "<group>"; };
		B0EEDF571B3FAAF3003D193F /* AreaChartModel.m */ = {isa = PBXFileReference; fileEncoding = 4; lastKnownFileType = sourcecode.c.objc; path = AreaChartModel.m; sourceTree = "<group>"; };
		B0EEDF581B3FAAF3003D193F /* CandleChartModel.h */ = {isa = PBXFileReference; fileEncoding = 4; lastKnownFileType = sourcecode.c.h; path = CandleChartModel.h; sourceTree = "<group>"; };
		B0EEDF591B3FAAF3003D193F /* CandleChartModel.m */ = {isa = PBXFileReference; fileEncoding = 4; lastKnownFileType = sourcecode.c.objc; path = CandleChartModel.m; sourceTree = "<group>"; };
		B0EEDF5A1B3FAAF3003D193F /* ChartModel.h */ = {isa = PBXFileReference; fileEncoding = 4; lastKnownFileType = sourcecode.c.h; path = ChartModel.h; sourceTree = "<group>"; };
		B0EEDF5B1B3FAAF3003D193F /* ChartModel.m */ = {isa = PBXFileReference; fileEncoding = 4; lastKnownFileType = sourcecode.c.objc; path = ChartModel.m; sourceTree = "<group>"; };
		B0EEDF5C1B3FAAF3003D193F /* VolumeChartModel.h */ = {isa = PBXFileReference; fileEncoding = 4; lastKnownFileType = sourcecode.c.h; path = VolumeChartModel.h; sourceTree = "<group>"; };
		B0EEDF5D1B3FAAF3003D193F /* VolumeChartModel.m */ = {isa = PBXFileReference; fileEncoding = 4; lastKnownFileType = sourcecode.c.objc; path = VolumeChartModel.m; sourceTree = "<group>"; };
		B0EEDF5E1B3FAAF3003D193F /* LineChartModel.h */ = {isa = PBXFileReference; fileEncoding = 4; lastKnownFileType = sourcecode.c.h; path = LineChartModel.h; sourceTree = "<group>"; };
		B0EEDF5F1B3FAAF3003D193F /* LineChartModel.m */ = {isa = PBXFileReference; fileEncoding = 4; lastKnownFileType = sourcecode.c.objc; path = LineChartModel.m; sourceTree = "<group>"; };
/* End PBXFileReference section */

/* Begin PBXFrameworksBuildPhase section */
		1D60588F0D05DD3D006BFB54 /* Frameworks */ = {
			isa = PBXFrameworksBuildPhase;
			buildActionMask = 2147483647;
			files = (
				B047A1281BCFBB9900054A7E /* libPods.a in Frameworks */,
				5A3F838E145E3B15004EAF87 /* libz.dylib in Frameworks */,
				1D60589F0D05DD5A006BFB54 /* Foundation.framework in Frameworks */,
				1DF5F4E00D08C38300B7A737 /* UIKit.framework in Frameworks */,
				288765A50DF7441C002DB57D /* CoreGraphics.framework in Frameworks */,
				5A3F838C145E3B15004EAF87 /* CFNetwork.framework in Frameworks */,
				5A3F8390145E3B30004EAF87 /* MobileCoreServices.framework in Frameworks */,
				5A3F8392145E3B30004EAF87 /* QuartzCore.framework in Frameworks */,
				5A3F8394145E3B30004EAF87 /* SystemConfiguration.framework in Frameworks */,
			);
			runOnlyForDeploymentPostprocessing = 0;
		};
/* End PBXFrameworksBuildPhase section */

/* Begin PBXGroup section */
		080E96DDFE201D6D7F000001 /* Classes */ = {
			isa = PBXGroup;
			children = (
				5A3FC8B914AAFD5300DD3BE2 /* helper */,
				B08850DE1B85CB6500CEC8A5 /* category */,
				B0B766351B88CE7100C41F9D /* component */,
				B0EEDF551B3FAAF3003D193F /* model */,
				B06C41381B66214C003C62BC /* view&viewController */,
			);
			path = Classes;
			sourceTree = "<group>";
		};
		19C28FACFE9D520D11CA2CBB /* Products */ = {
			isa = PBXGroup;
			children = (
				1D6058910D05DD3D006BFB54 /* chartee.app */,
			);
			name = Products;
			sourceTree = "<group>";
		};
		29B97314FDCFA39411CA2CEA /* CustomTemplate */ = {
			isa = PBXGroup;
			children = (
				080E96DDFE201D6D7F000001 /* Classes */,
				29B97315FDCFA39411CA2CEA /* Other Sources */,
				29B97317FDCFA39411CA2CEA /* Resources */,
				29B97323FDCFA39411CA2CEA /* Frameworks */,
				19C28FACFE9D520D11CA2CBB /* Products */,
				AE8624B92A778BB2CC626718 /* Pods */,
			);
			name = CustomTemplate;
			sourceTree = "<group>";
		};
		29B97315FDCFA39411CA2CEA /* Other Sources */ = {
			isa = PBXGroup;
			children = (
				5A3F8251145E3749004EAF87 /* AppDelegate.h */,
				5A3F8252145E3749004EAF87 /* AppDelegate.m */,
				29B97316FDCFA39411CA2CEA /* main.m */,
				32CA4F630368D1EE00C91783 /* chartee_Prefix.pch */,
				5A1D3B6C14AC52AA00E11C20 /* chartee-Info.plist */,
			);
			name = "Other Sources";
			sourceTree = "<group>";
		};
		29B97317FDCFA39411CA2CEA /* Resources */ = {
			isa = PBXGroup;
			children = (
				B08850EE1B8863A600CEC8A5 /* img */,
				B0E370AE1B47D4F0005F1C20 /* Images.xcassets */,
				B088511F1B88B2F900CEC8A5 /* Launch Screen.xib */,
				B08850E91B8830CB00CEC8A5 /* serie init */,
				B08850E71B871D6D00CEC8A5 /* data.txt */,
				B08851171B8863DE00CEC8A5 /* chartData.txt */,
				5A8FA0A514AC7113000A1BBA /* securities.json */,
				5A8FA0A414AC7113000A1BBA /* indicators.json */,
			);
			name = Resources;
			sourceTree = "<group>";
		};
		29B97323FDCFA39411CA2CEA /* Frameworks */ = {
			isa = PBXGroup;
			children = (
				B047A12D1BCFBBF800054A7E /* libReachability.a */,
				B047A12B1BCFBBF500054A7E /* libJSONKit.a */,
				B047A1291BCFBBF100054A7E /* libASIHTTPRequest.a */,
				B047A1271BCFBB9900054A7E /* libPods.a */,
				5A3F838D145E3B15004EAF87 /* libz.dylib */,
				1DF5F4DF0D08C38300B7A737 /* UIKit.framework */,
				1D30AB110D05D00D00671497 /* Foundation.framework */,
				288765A40DF7441C002DB57D /* CoreGraphics.framework */,
				5A3F838B145E3B15004EAF87 /* CFNetwork.framework */,
				5A3F838F145E3B30004EAF87 /* MobileCoreServices.framework */,
				5A3F8391145E3B30004EAF87 /* QuartzCore.framework */,
				5A3F8393145E3B30004EAF87 /* SystemConfiguration.framework */,
				48D4FCCB36D410350471054F /* libPods.a */,
			);
			name = Frameworks;
			sourceTree = "<group>";
		};
		5A3FC8B914AAFD5300DD3BE2 /* helper */ = {
			isa = PBXGroup;
			children = (
				5A3FC8BC14AAFD5300DD3BE2 /* CacheHelper.h */,
				5A3FC8BD14AAFD5300DD3BE2 /* CacheHelper.m */,
				5A3FC8BE14AAFD5300DD3BE2 /* EncryptHelper.h */,
				5A3FC8BF14AAFD5300DD3BE2 /* EncryptHelper.m */,
				5A3FC8C014AAFD5300DD3BE2 /* ResourceHelper.h */,
				5A3FC8C114AAFD5300DD3BE2 /* ResourceHelper.m */,
			);
			path = helper;
			sourceTree = "<group>";
		};
		AE8624B92A778BB2CC626718 /* Pods */ = {
			isa = PBXGroup;
			children = (
				70AB1FA29A9093AB7C98F923 /* Pods.debug.xcconfig */,
				74599F3D1E1C4CC3321FBB50 /* Pods.release.xcconfig */,
			);
			name = Pods;
			sourceTree = "<group>";
		};
		B06C41381B66214C003C62BC /* view&viewController */ = {
			isa = PBXGroup;
			children = (
				B06C413B1B66214C003C62BC /* ChartView.h */,
				B06C413C1B66214C003C62BC /* ChartView.m */,
				B06C41391B66214C003C62BC /* CandleViewController.h */,
				B06C413A1B66214C003C62BC /* CandleViewController.m */,
				B08850EB1B883B7100CEC8A5 /* CandleViewController+Data.h */,
				B08850EC1B883B7100CEC8A5 /* CandleViewController+Data.m */,
			);
			path = "view&viewController";
			sourceTree = "<group>";
		};
		B08850DE1B85CB6500CEC8A5 /* category */ = {
			isa = PBXGroup;
			children = (
				B08850DF1B85CB6500CEC8A5 /* Date+Helpers.h */,
				B08850E01B85CB6500CEC8A5 /* Date+Helpers.m */,
				B08850E11B85CB6500CEC8A5 /* NSString+Helpers.h */,
				B08850E21B85CB6500CEC8A5 /* NSString+Helpers.m */,
			);
			path = category;
			sourceTree = "<group>";
		};
		B08850EE1B8863A600CEC8A5 /* img */ = {
			isa = PBXGroup;
			children = (
				B08850F81B8863A600CEC8A5 /* phone_candle_chart.png */,
				B08850F91B8863A600CEC8A5 /* phone_candle_chart_selected.png */,
				B08850FA1B8863A600CEC8A5 /* phone_gray_bar.png */,
				B08850EF1B8863A600CEC8A5 /* pad_candle_chart.png */,
				B08850F01B8863A600CEC8A5 /* pad_candle_chart_selected.png */,
				B08850F11B8863A600CEC8A5 /* pad_gray_bar.png */,
				B08850FB1B8863A600CEC8A5 /* phone_k1d.png */,
				B08850FC1B8863A600CEC8A5 /* phone_k1d_selected.png */,
				B08850FF1B8863A600CEC8A5 /* phone_k1w.png */,
				B08851001B8863A600CEC8A5 /* phone_k1w_selected.png */,
				B08850FD1B8863A600CEC8A5 /* phone_k1m.png */,
				B08850FE1B8863A600CEC8A5 /* phone_k1m_selected.png */,
				B08850F21B8863A600CEC8A5 /* pad_k1d.png */,
				B08850F31B8863A600CEC8A5 /* pad_k1d_selected.png */,
				B08850F61B8863A600CEC8A5 /* pad_k1w.png */,
				B08850F71B8863A600CEC8A5 /* pad_k1w_selected.png */,
				B08850F41B8863A600CEC8A5 /* pad_k1m.png */,
				B08850F51B8863A600CEC8A5 /* pad_k1m_selected.png */,
				B08851011B8863A600CEC8A5 /* toolbarbg.png */,
				B08851021B8863A600CEC8A5 /* toolbarbg@2x.png */,
			);
			name = img;
			path = resource/img;
			sourceTree = "<group>";
		};
		B0B766351B88CE7100C41F9D /* component */ = {
			isa = PBXGroup;
			children = (
				B0B766361B88CE7100C41F9D /* AutoCompleteTableDelegate.h */,
				B0B766371B88CE7100C41F9D /* AutoCompleteTableDelegate.m */,
			);
			path = component;
			sourceTree = "<group>";
		};
		B0EEDF551B3FAAF3003D193F /* model */ = {
			isa = PBXGroup;
			children = (
				B0E370AA1B47D4CF005F1C20 /* Axis.h */,
				B0E370AB1B47D4CF005F1C20 /* Axis.m */,
				B0E370A81B47D4CF005F1C20 /* Section.h */,
				B0E370A91B47D4CF005F1C20 /* Section.m */,
				B0EEDF5A1B3FAAF3003D193F /* ChartModel.h */,
				B0EEDF5B1B3FAAF3003D193F /* ChartModel.m */,
				B0EEDF581B3FAAF3003D193F /* CandleChartModel.h */,
				B0EEDF591B3FAAF3003D193F /* CandleChartModel.m */,
				B0EEDF5E1B3FAAF3003D193F /* LineChartModel.h */,
				B0EEDF5F1B3FAAF3003D193F /* LineChartModel.m */,
				B0EEDF5C1B3FAAF3003D193F /* VolumeChartModel.h */,
				B0EEDF5D1B3FAAF3003D193F /* VolumeChartModel.m */,
				B0EEDF561B3FAAF3003D193F /* AreaChartModel.h */,
				B0EEDF571B3FAAF3003D193F /* AreaChartModel.m */,
			);
			path = model;
			sourceTree = "<group>";
		};
/* End PBXGroup section */

/* Begin PBXNativeTarget section */
		1D6058900D05DD3D006BFB54 /* chartee */ = {
			isa = PBXNativeTarget;
			buildConfigurationList = 1D6058960D05DD3E006BFB54 /* Build configuration list for PBXNativeTarget "chartee" */;
			buildPhases = (
				A0E46468807857965EECD87B /* Check Pods Manifest.lock */,
				1D60588D0D05DD3D006BFB54 /* Resources */,
				1D60588E0D05DD3D006BFB54 /* Sources */,
				1D60588F0D05DD3D006BFB54 /* Frameworks */,
				EA64C976948D95DD505EBBD3 /* Copy Pods Resources */,
			);
			buildRules = (
			);
			dependencies = (
			);
			name = chartee;
			productName = chartee;
			productReference = 1D6058910D05DD3D006BFB54 /* chartee.app */;
			productType = "com.apple.product-type.application";
		};
/* End PBXNativeTarget section */

/* Begin PBXProject section */
		29B97313FDCFA39411CA2CEA /* Project object */ = {
			isa = PBXProject;
			attributes = {
				LastUpgradeCheck = 0700;
			};
			buildConfigurationList = C01FCF4E08A954540054247B /* Build configuration list for PBXProject "chartee" */;
			compatibilityVersion = "Xcode 3.2";
			developmentRegion = English;
			hasScannedForEncodings = 1;
			knownRegions = (
				English,
				Japanese,
				French,
				German,
			);
			mainGroup = 29B97314FDCFA39411CA2CEA /* CustomTemplate */;
			projectDirPath = "";
			projectRoot = "";
			targets = (
				1D6058900D05DD3D006BFB54 /* chartee */,
			);
		};
/* End PBXProject section */

/* Begin PBXResourcesBuildPhase section */
		1D60588D0D05DD3D006BFB54 /* Resources */ = {
			isa = PBXResourcesBuildPhase;
			buildActionMask = 2147483647;
			files = (
				B08851091B8863A600CEC8A5 /* pad_k1m_selected.png in Resources */,
				B0E370AF1B47D4F0005F1C20 /* Images.xcassets in Resources */,
				B08851201B88B2F900CEC8A5 /* Launch Screen.xib in Resources */,
				B08851111B8863A600CEC8A5 /* phone_k1m.png in Resources */,
				B08850E81B871D6D00CEC8A5 /* data.txt in Resources */,
				B08851151B8863A600CEC8A5 /* toolbarbg.png in Resources */,
				5A8FA0A614AC7113000A1BBA /* indicators.json in Resources */,
				B08851031B8863A600CEC8A5 /* pad_candle_chart.png in Resources */,
				5A8FA0A714AC7113000A1BBA /* securities.json in Resources */,
				B08851161B8863A600CEC8A5 /* toolbarbg@2x.png in Resources */,
				B08851071B8863A600CEC8A5 /* pad_k1d_selected.png in Resources */,
				B08851041B8863A600CEC8A5 /* pad_candle_chart_selected.png in Resources */,
				B088510B1B8863A600CEC8A5 /* pad_k1w_selected.png in Resources */,
				B088510A1B8863A600CEC8A5 /* pad_k1w.png in Resources */,
				B08851061B8863A600CEC8A5 /* pad_k1d.png in Resources */,
				B088510D1B8863A600CEC8A5 /* phone_candle_chart_selected.png in Resources */,
				B08851051B8863A600CEC8A5 /* pad_gray_bar.png in Resources */,
				B088510C1B8863A600CEC8A5 /* phone_candle_chart.png in Resources */,
				B08851141B8863A600CEC8A5 /* phone_k1w_selected.png in Resources */,
				B088510E1B8863A600CEC8A5 /* phone_gray_bar.png in Resources */,
				B08851101B8863A600CEC8A5 /* phone_k1d_selected.png in Resources */,
				B088510F1B8863A600CEC8A5 /* phone_k1d.png in Resources */,
				B08851121B8863A600CEC8A5 /* phone_k1m_selected.png in Resources */,
				B08850EA1B8830CB00CEC8A5 /* serie init in Resources */,
				B08851181B8863DE00CEC8A5 /* chartData.txt in Resources */,
				B08851131B8863A600CEC8A5 /* phone_k1w.png in Resources */,
				B08851081B8863A600CEC8A5 /* pad_k1m.png in Resources */,
			);
			runOnlyForDeploymentPostprocessing = 0;
		};
/* End PBXResourcesBuildPhase section */

/* Begin PBXShellScriptBuildPhase section */
		A0E46468807857965EECD87B /* Check Pods Manifest.lock */ = {
			isa = PBXShellScriptBuildPhase;
			buildActionMask = 2147483647;
			files = (
			);
			inputPaths = (
			);
			name = "Check Pods Manifest.lock";
			outputPaths = (
			);
			runOnlyForDeploymentPostprocessing = 0;
			shellPath = /bin/sh;
			shellScript = "diff \"${PODS_ROOT}/../Podfile.lock\" \"${PODS_ROOT}/Manifest.lock\" > /dev/null\nif [[ $? != 0 ]] ; then\n    cat << EOM\nerror: The sandbox is not in sync with the Podfile.lock. Run 'pod install' or update your CocoaPods installation.\nEOM\n    exit 1\nfi\n";
			showEnvVarsInLog = 0;
		};
		EA64C976948D95DD505EBBD3 /* Copy Pods Resources */ = {
			isa = PBXShellScriptBuildPhase;
			buildActionMask = 2147483647;
			files = (
			);
			inputPaths = (
			);
			name = "Copy Pods Resources";
			outputPaths = (
			);
			runOnlyForDeploymentPostprocessing = 0;
			shellPath = /bin/sh;
			shellScript = "\"${SRCROOT}/Pods/Target Support Files/Pods/Pods-resources.sh\"\n";
			showEnvVarsInLog = 0;
		};
/* End PBXShellScriptBuildPhase section */

/* Begin PBXSourcesBuildPhase section */
		1D60588E0D05DD3D006BFB54 /* Sources */ = {
			isa = PBXSourcesBuildPhase;
			buildActionMask = 2147483647;
			files = (
				1D60589B0D05DD56006BFB54 /* main.m in Sources */,
				B06C413D1B66214C003C62BC /* CandleViewController.m in Sources */,
				B0EEDF631B3FAAF3003D193F /* VolumeChartModel.m in Sources */,
				5A3F8253145E3749004EAF87 /* AppDelegate.m in Sources */,
				B0E370AD1B47D4CF005F1C20 /* Axis.m in Sources */,
				5A3FC91E14AAFD5300DD3BE2 /* CacheHelper.m in Sources */,
				5A3FC91F14AAFD5300DD3BE2 /* EncryptHelper.m in Sources */,
				B06C413E1B66214C003C62BC /* ChartView.m in Sources */,
				5A3FC92014AAFD5300DD3BE2 /* ResourceHelper.m in Sources */,
				B08850E31B85CB6500CEC8A5 /* Date+Helpers.m in Sources */,
				B0B766381B88CE7100C41F9D /* AutoCompleteTableDelegate.m in Sources */,
				B0EEDF641B3FAAF3003D193F /* LineChartModel.m in Sources */,
				B0EEDF611B3FAAF3003D193F /* CandleChartModel.m in Sources */,
				B0EEDF621B3FAAF3003D193F /* ChartModel.m in Sources */,
				B0EEDF601B3FAAF3003D193F /* AreaChartModel.m in Sources */,
				B0E370AC1B47D4CF005F1C20 /* Section.m in Sources */,
				B08850E41B85CB6500CEC8A5 /* NSString+Helpers.m in Sources */,
				B08850ED1B883B7100CEC8A5 /* CandleViewController+Data.m in Sources */,
			);
			runOnlyForDeploymentPostprocessing = 0;
		};
/* End PBXSourcesBuildPhase section */

/* Begin XCBuildConfiguration section */
		1D6058940D05DD3E006BFB54 /* Debug */ = {
			isa = XCBuildConfiguration;
			baseConfigurationReference = 70AB1FA29A9093AB7C98F923 /* Pods.debug.xcconfig */;
			buildSettings = {
				ALWAYS_SEARCH_USER_PATHS = NO;
				ASSETCATALOG_COMPILER_APPICON_NAME = AppIcon;
				ASSETCATALOG_COMPILER_LAUNCHIMAGE_NAME = LaunchImage;
				CLANG_ENABLE_OBJC_ARC = NO;
				CODE_SIGN_IDENTITY = "iPhone Developer";
				"CODE_SIGN_IDENTITY[sdk=iphoneos*]" = "iPhone Developer";
				COPY_PHASE_STRIP = NO;
				FRAMEWORK_SEARCH_PATHS = (
					"\"$(PODS_ROOT)\"/**",
					"\"$(PROJECT_DIR)\"/**",
					"\"$(PODS_ROOT)/**\"",
				);
				GCC_DYNAMIC_NO_PIC = NO;
				GCC_OPTIMIZATION_LEVEL = 0;
				GCC_PRECOMPILE_PREFIX_HEADER = YES;
				GCC_PREFIX_HEADER = chartee_Prefix.pch;
				GCC_VERSION = com.apple.compilers.llvm.clang.1_0;
				HEADER_SEARCH_PATHS = (
					"$(inherited)/**",
					"$(PROJECT_DIR)/**",
					"${PODS_ROOT}",
					"\"${PODS_ROOT}/Headers/Public\"",
				);
				INFOPLIST_FILE = "chartee-Info.plist";
				IPHONEOS_DEPLOYMENT_TARGET = 7.2;
				LIBRARY_SEARCH_PATHS = (
					"$(inherited)/**",
					"$(PROJECT_DIR)/**",
					"${PODS_ROOT}/**",
				);
				ONLY_ACTIVE_ARCH = NO;
				OTHER_LDFLAGS = (
					"$(inherited)",
					"-ObjC",
					"-l",
					"\"ASIHTTPRequest\"",
					"-l",
					"\"JSONKit\"",
				);
				PRODUCT_BUNDLE_IDENTIFIER = org.zhiyu.chartee;
				PRODUCT_NAME = chartee;
				PROVISIONING_PROFILE = "";
				"PROVISIONING_PROFILE[sdk=iphoneos*]" = "";
				TARGETED_DEVICE_FAMILY = "1,2";
				VALIDATE_PRODUCT = YES;
				VALID_ARCHS = "armv6 armv7 armv7s $(ARCHS_STANDARD_32_BIT)";
			};
			name = Debug;
		};
		1D6058950D05DD3E006BFB54 /* Release */ = {
			isa = XCBuildConfiguration;
			baseConfigurationReference = 74599F3D1E1C4CC3321FBB50 /* Pods.release.xcconfig */;
			buildSettings = {
				ALWAYS_SEARCH_USER_PATHS = NO;
				ASSETCATALOG_COMPILER_APPICON_NAME = AppIcon;
				ASSETCATALOG_COMPILER_LAUNCHIMAGE_NAME = LaunchImage;
				CLANG_ENABLE_OBJC_ARC = NO;
				CODE_SIGN_IDENTITY = "iPhone Developer";
				"CODE_SIGN_IDENTITY[sdk=iphoneos*]" = "iPhone Distribution";
				COPY_PHASE_STRIP = YES;
				FRAMEWORK_SEARCH_PATHS = (
					"\"$(PODS_ROOT)\"/**",
					"\"$(PROJECT_DIR)\"/**",
					"\"$(PODS_ROOT)/**\"",
				);
				GCC_PRECOMPILE_PREFIX_HEADER = YES;
				GCC_PREFIX_HEADER = chartee_Prefix.pch;
				GCC_VERSION = com.apple.compilers.llvm.clang.1_0;
				HEADER_SEARCH_PATHS = (
					"$(inherited)/**",
					"$(PROJECT_DIR)/**",
					"${PODS_ROOT}",
					"\"${PODS_ROOT}/Headers/Public\"",
				);
				INFOPLIST_FILE = "chartee-Info.plist";
				IPHONEOS_DEPLOYMENT_TARGET = 7.2;
				LIBRARY_SEARCH_PATHS = (
					"$(inherited)/**",
					"$(PROJECT_DIR)/**",
					"${PODS_ROOT}/**",
				);
				ONLY_ACTIVE_ARCH = NO;
				OTHER_LDFLAGS = (
					"$(inherited)",
					"-ObjC",
					"-l",
					"\"ASIHTTPRequest\"",
					"-l",
					"\"JSONKit\"",
				);
				PRODUCT_BUNDLE_IDENTIFIER = org.zhiyu.chartee;
				PRODUCT_NAME = chartee;
				PROVISIONING_PROFILE = "";
				"PROVISIONING_PROFILE[sdk=iphoneos*]" = "";
				TARGETED_DEVICE_FAMILY = "1,2";
				VALIDATE_PRODUCT = YES;
				VALID_ARCHS = "armv6 armv7 armv7s $(ARCHS_STANDARD_32_BIT)";
			};
			name = Release;
		};
		C01FCF4F08A954540054247B /* Debug */ = {
			isa = XCBuildConfiguration;
			buildSettings = {
				ALWAYS_SEARCH_USER_PATHS = NO;
				CLANG_ENABLE_OBJC_ARC = NO;
				CLANG_WARN_BOOL_CONVERSION = YES;
				CLANG_WARN_CONSTANT_CONVERSION = YES;
				CLANG_WARN_EMPTY_BODY = YES;
				CLANG_WARN_ENUM_CONVERSION = YES;
				CLANG_WARN_INT_CONVERSION = YES;
				CLANG_WARN_UNREACHABLE_CODE = YES;
				CLANG_WARN__DUPLICATE_METHOD_MATCH = YES;
				CODE_SIGN_IDENTITY = "";
				"CODE_SIGN_IDENTITY[sdk=iphoneos*]" = "";
				ENABLE_STRICT_OBJC_MSGSEND = YES;
				ENABLE_TESTABILITY = YES;
				GCC_C_LANGUAGE_STANDARD = c99;
				GCC_NO_COMMON_BLOCKS = YES;
				GCC_THUMB_SUPPORT = NO;
				GCC_VERSION = com.apple.compilers.llvm.clang.1_0;
				GCC_WARN_64_TO_32_BIT_CONVERSION = YES;
				GCC_WARN_ABOUT_RETURN_TYPE = YES;
				GCC_WARN_UNDECLARED_SELECTOR = YES;
				GCC_WARN_UNINITIALIZED_AUTOS = YES;
				GCC_WARN_UNUSED_FUNCTION = YES;
				GCC_WARN_UNUSED_VARIABLE = YES;
				IPHONEOS_DEPLOYMENT_TARGET = 7.2;
				ONLY_ACTIVE_ARCH = YES;
				OTHER_LDFLAGS = "-ObjC";
				PREBINDING = NO;
				PRODUCT_NAME = chartee;
				PROVISIONING_PROFILE = "";
				"PROVISIONING_PROFILE[sdk=iphoneos*]" = "";
				SDKROOT = iphoneos;
				TARGETED_DEVICE_FAMILY = 2;
			};
			name = Debug;
		};
		C01FCF5008A954540054247B /* Release */ = {
			isa = XCBuildConfiguration;
			buildSettings = {
				ALWAYS_SEARCH_USER_PATHS = NO;
				CLANG_ENABLE_OBJC_ARC = NO;
				CLANG_WARN_BOOL_CONVERSION = YES;
				CLANG_WARN_CONSTANT_CONVERSION = YES;
				CLANG_WARN_EMPTY_BODY = YES;
				CLANG_WARN_ENUM_CONVERSION = YES;
				CLANG_WARN_INT_CONVERSION = YES;
				CLANG_WARN_UNREACHABLE_CODE = YES;
				CLANG_WARN__DUPLICATE_METHOD_MATCH = YES;
				CODE_SIGN_IDENTITY = "";
				"CODE_SIGN_IDENTITY[sdk=iphoneos*]" = "";
				ENABLE_STRICT_OBJC_MSGSEND = YES;
				GCC_C_LANGUAGE_STANDARD = c99;
				GCC_NO_COMMON_BLOCKS = YES;
				GCC_THUMB_SUPPORT = NO;
				GCC_VERSION = com.apple.compilers.llvm.clang.1_0;
				GCC_WARN_64_TO_32_BIT_CONVERSION = YES;
				GCC_WARN_ABOUT_RETURN_TYPE = YES;
				GCC_WARN_UNDECLARED_SELECTOR = YES;
				GCC_WARN_UNINITIALIZED_AUTOS = YES;
				GCC_WARN_UNUSED_FUNCTION = YES;
				GCC_WARN_UNUSED_VARIABLE = YES;
				IPHONEOS_DEPLOYMENT_TARGET = 7.2;
				OTHER_CFLAGS = "-DNS_BLOCK_ASSERTIONS=1";
				OTHER_LDFLAGS = "-ObjC";
				PREBINDING = NO;
				PRODUCT_NAME = chartee;
				PROVISIONING_PROFILE = "";
				"PROVISIONING_PROFILE[sdk=iphoneos*]" = "";
				SDKROOT = iphoneos;
				TARGETED_DEVICE_FAMILY = 2;
			};
			name = Release;
		};
/* End XCBuildConfiguration section */

/* Begin XCConfigurationList section */
		1D6058960D05DD3E006BFB54 /* Build configuration list for PBXNativeTarget "chartee" */ = {
			isa = XCConfigurationList;
			buildConfigurations = (
				1D6058940D05DD3E006BFB54 /* Debug */,
				1D6058950D05DD3E006BFB54 /* Release */,
			);
			defaultConfigurationIsVisible = 0;
			defaultConfigurationName = Release;
		};
		C01FCF4E08A954540054247B /* Build configuration list for PBXProject "chartee" */ = {
			isa = XCConfigurationList;
			buildConfigurations = (
				C01FCF4F08A954540054247B /* Debug */,
				C01FCF5008A954540054247B /* Release */,
			);
			defaultConfigurationIsVisible = 0;
			defaultConfigurationName = Release;
		};
/* End XCConfigurationList section */
	};
	rootObject = 29B97313FDCFA39411CA2CEA /* Project object */;
}
